// !$*UTF8*$!
{
	archiveVersion = 1;
	classes = {
	};
	objectVersion = 56;
	objects = {

/* Begin PBXBuildFile section */
		855703232C9AA99F0086590C /* NewsAppTestTaskApp.swift in Sources */ = {isa = PBXBuildFile; fileRef = 855703222C9AA99F0086590C /* NewsAppTestTaskApp.swift */; };
		855703272C9AA9A10086590C /* Assets.xcassets in Resources */ = {isa = PBXBuildFile; fileRef = 855703262C9AA9A10086590C /* Assets.xcassets */; };
		8557032A2C9AA9A10086590C /* Preview Assets.xcassets in Resources */ = {isa = PBXBuildFile; fileRef = 855703292C9AA9A10086590C /* Preview Assets.xcassets */; };
		8557033D2C9C131B0086590C /* CoordinatorFactoryProtocols.swift in Sources */ = {isa = PBXBuildFile; fileRef = 8557033C2C9C131B0086590C /* CoordinatorFactoryProtocols.swift */; };
		8557033F2C9C13D60086590C /* ModuleFactory.swift in Sources */ = {isa = PBXBuildFile; fileRef = 8557033E2C9C13D60086590C /* ModuleFactory.swift */; };
		855703412C9C146D0086590C /* ModuleFactoryProtocols.swift in Sources */ = {isa = PBXBuildFile; fileRef = 855703402C9C146D0086590C /* ModuleFactoryProtocols.swift */; };
		855703442C9C14D50086590C /* AppCoordinator.swift in Sources */ = {isa = PBXBuildFile; fileRef = 855703432C9C14D50086590C /* AppCoordinator.swift */; };
		855703462C9C14DF0086590C /* AppCoordinatorView.swift in Sources */ = {isa = PBXBuildFile; fileRef = 855703452C9C14DF0086590C /* AppCoordinatorView.swift */; };
		8557034B2C9C161B0086590C /* LaunchCoordinator.swift in Sources */ = {isa = PBXBuildFile; fileRef = 8557034A2C9C161B0086590C /* LaunchCoordinator.swift */; };
		8557034D2C9C16260086590C /* LaunchCoordinatorView.swift in Sources */ = {isa = PBXBuildFile; fileRef = 8557034C2C9C16260086590C /* LaunchCoordinatorView.swift */; };
		8557034F2C9C16820086590C /* Coordinator.swift in Sources */ = {isa = PBXBuildFile; fileRef = 8557034E2C9C16820086590C /* Coordinator.swift */; };
		855703512C9C16980086590C /* Routable.swift in Sources */ = {isa = PBXBuildFile; fileRef = 855703502C9C16980086590C /* Routable.swift */; };
		855703532C9C17A80086590C /* LaunchView.swift in Sources */ = {isa = PBXBuildFile; fileRef = 855703522C9C17A80086590C /* LaunchView.swift */; };
		855703552C9C17B20086590C /* LaunchViewModel.swift in Sources */ = {isa = PBXBuildFile; fileRef = 855703542C9C17B20086590C /* LaunchViewModel.swift */; };
		855703572C9C19D00086590C /* Font.swift in Sources */ = {isa = PBXBuildFile; fileRef = 855703562C9C19D00086590C /* Font.swift */; };
		855703602C9C1F710086590C /* OnboardingCoordinator.swift in Sources */ = {isa = PBXBuildFile; fileRef = 8557035F2C9C1F710086590C /* OnboardingCoordinator.swift */; };
		855703622C9C1F760086590C /* OnboardingCoordinatorView.swift in Sources */ = {isa = PBXBuildFile; fileRef = 855703612C9C1F760086590C /* OnboardingCoordinatorView.swift */; };
		855703652C9C202D0086590C /* OnboardingView.swift in Sources */ = {isa = PBXBuildFile; fileRef = 855703642C9C202D0086590C /* OnboardingView.swift */; };
		855703672C9C20350086590C /* OnboardingViewModel.swift in Sources */ = {isa = PBXBuildFile; fileRef = 855703662C9C20350086590C /* OnboardingViewModel.swift */; };
		8557036D2C9C76030086590C /* View.swift in Sources */ = {isa = PBXBuildFile; fileRef = 8557036C2C9C76030086590C /* View.swift */; };
		855703702C9C763E0086590C /* RoundedCorner.swift in Sources */ = {isa = PBXBuildFile; fileRef = 8557036F2C9C763E0086590C /* RoundedCorner.swift */; };
		855703752C9C7A700086590C /* PaywallView.swift in Sources */ = {isa = PBXBuildFile; fileRef = 855703742C9C7A700086590C /* PaywallView.swift */; };
		855703772C9C7A860086590C /* PaywallViewModel.swift in Sources */ = {isa = PBXBuildFile; fileRef = 855703762C9C7A860086590C /* PaywallViewModel.swift */; };
		855703792C9C7A9A0086590C /* PaywallCoordinator.swift in Sources */ = {isa = PBXBuildFile; fileRef = 855703782C9C7A9A0086590C /* PaywallCoordinator.swift */; };
		8557037B2C9C7AA20086590C /* PaywallCoordinatorView.swift in Sources */ = {isa = PBXBuildFile; fileRef = 8557037A2C9C7AA20086590C /* PaywallCoordinatorView.swift */; };
		8557037D2C9C7E8D0086590C /* Color.swift in Sources */ = {isa = PBXBuildFile; fileRef = 8557037C2C9C7E8D0086590C /* Color.swift */; };
		8557037F2C9C7EB60086590C /* UIColor.swift in Sources */ = {isa = PBXBuildFile; fileRef = 8557037E2C9C7EB60086590C /* UIColor.swift */; };
		855703952C9C94190086590C /* Inter-VariableFont_opsz,wght.ttf in Resources */ = {isa = PBXBuildFile; fileRef = 855703942C9C94190086590C /* Inter-VariableFont_opsz,wght.ttf */; };
		855703972C9C942A0086590C /* SchibstedGrotesk-VariableFont_wght.ttf in Resources */ = {isa = PBXBuildFile; fileRef = 855703962C9C94290086590C /* SchibstedGrotesk-VariableFont_wght.ttf */; };
		8557039B2C9C95BD0086590C /* LibreFranklin-VariableFont_wght.ttf in Resources */ = {isa = PBXBuildFile; fileRef = 8557039A2C9C95BD0086590C /* LibreFranklin-VariableFont_wght.ttf */; };
		855703A02C9C991B0086590C /* NewsViewModel.swift in Sources */ = {isa = PBXBuildFile; fileRef = 8557039F2C9C991B0086590C /* NewsViewModel.swift */; };
		855703A22C9C99240086590C /* NewsView.swift in Sources */ = {isa = PBXBuildFile; fileRef = 855703A12C9C99240086590C /* NewsView.swift */; };
		855703A42C9C99350086590C /* NewsCoordinator.swift in Sources */ = {isa = PBXBuildFile; fileRef = 855703A32C9C99350086590C /* NewsCoordinator.swift */; };
		855703A62C9C993F0086590C /* NewsCoordinatorView.swift in Sources */ = {isa = PBXBuildFile; fileRef = 855703A52C9C993F0086590C /* NewsCoordinatorView.swift */; };
		855703A92C9C99F60086590C /* ProfileViewModel.swift in Sources */ = {isa = PBXBuildFile; fileRef = 855703A82C9C99F60086590C /* ProfileViewModel.swift */; };
		855703AB2C9C99FE0086590C /* ProfileView.swift in Sources */ = {isa = PBXBuildFile; fileRef = 855703AA2C9C99FE0086590C /* ProfileView.swift */; };
		855703AF2C9C9D1C0086590C /* MainCoordinatorView.swift in Sources */ = {isa = PBXBuildFile; fileRef = 855703AE2C9C9D1C0086590C /* MainCoordinatorView.swift */; };
		855703B22C9C9D300086590C /* MainCoordinator.swift in Sources */ = {isa = PBXBuildFile; fileRef = 855703B12C9C9D300086590C /* MainCoordinator.swift */; };
		855703B52C9C9D540086590C /* ProfileCoordinator.swift in Sources */ = {isa = PBXBuildFile; fileRef = 855703B42C9C9D540086590C /* ProfileCoordinator.swift */; };
		855703B72C9C9D5F0086590C /* ProfileCoordinatorView.swift in Sources */ = {isa = PBXBuildFile; fileRef = 855703B62C9C9D5F0086590C /* ProfileCoordinatorView.swift */; };
		855703BB2C9CAA9A0086590C /* TabbedItems.swift in Sources */ = {isa = PBXBuildFile; fileRef = 855703BA2C9CAA990086590C /* TabbedItems.swift */; };
		85D648CA2C9D89210068BD2F /* NewsResponse.swift in Sources */ = {isa = PBXBuildFile; fileRef = 85D648C92C9D89210068BD2F /* NewsResponse.swift */; };
		85D648CC2C9D89270068BD2F /* Source.swift in Sources */ = {isa = PBXBuildFile; fileRef = 85D648CB2C9D89270068BD2F /* Source.swift */; };
		85D648CE2C9D89320068BD2F /* NewsArticle.swift in Sources */ = {isa = PBXBuildFile; fileRef = 85D648CD2C9D89320068BD2F /* NewsArticle.swift */; };
		85D648D02C9D89610068BD2F /* NewsCategory.swift in Sources */ = {isa = PBXBuildFile; fileRef = 85D648CF2C9D89610068BD2F /* NewsCategory.swift */; };
		85D648D32C9D89C40068BD2F /* NewsServiceError.swift in Sources */ = {isa = PBXBuildFile; fileRef = 85D648D22C9D89C40068BD2F /* NewsServiceError.swift */; };
		85D648D52C9D89D40068BD2F /* NewsService.swift in Sources */ = {isa = PBXBuildFile; fileRef = 85D648D42C9D89D40068BD2F /* NewsService.swift */; };
		85D648D72C9D97790068BD2F /* NewsArticleView.swift in Sources */ = {isa = PBXBuildFile; fileRef = 85D648D62C9D97790068BD2F /* NewsArticleView.swift */; };
		85D648DB2C9D9B370068BD2F /* DetailsView.swift in Sources */ = {isa = PBXBuildFile; fileRef = 85D648DA2C9D9B370068BD2F /* DetailsView.swift */; };
		85D648DD2C9D9B490068BD2F /* DetailsViewModel.swift in Sources */ = {isa = PBXBuildFile; fileRef = 85D648DC2C9D9B490068BD2F /* DetailsViewModel.swift */; };
		85D648DF2C9DD45A0068BD2F /* Merriweather-Regular.ttf in Resources */ = {isa = PBXBuildFile; fileRef = 85D648DE2C9DD45A0068BD2F /* Merriweather-Regular.ttf */; };
		85D648E92C9DEFFD0068BD2F /* FirebaseAnalytics in Frameworks */ = {isa = PBXBuildFile; productRef = 85D648E82C9DEFFD0068BD2F /* FirebaseAnalytics */; };
		85D648EB2C9DEFFD0068BD2F /* FirebaseAnalyticsOnDeviceConversion in Frameworks */ = {isa = PBXBuildFile; productRef = 85D648EA2C9DEFFD0068BD2F /* FirebaseAnalyticsOnDeviceConversion */; };
		85D648ED2C9DEFFD0068BD2F /* FirebaseAnalyticsWithoutAdIdSupport in Frameworks */ = {isa = PBXBuildFile; productRef = 85D648EC2C9DEFFD0068BD2F /* FirebaseAnalyticsWithoutAdIdSupport */; };
		85D648EF2C9DEFFD0068BD2F /* FirebaseAppCheck in Frameworks */ = {isa = PBXBuildFile; productRef = 85D648EE2C9DEFFD0068BD2F /* FirebaseAppCheck */; };
		85D648F12C9DEFFD0068BD2F /* FirebaseAppDistribution-Beta in Frameworks */ = {isa = PBXBuildFile; productRef = 85D648F02C9DEFFD0068BD2F /* FirebaseAppDistribution-Beta */; };
		85D648F32C9DF0060068BD2F /* AppDelegate.swift in Sources */ = {isa = PBXBuildFile; fileRef = 85D648F22C9DF0060068BD2F /* AppDelegate.swift */; };
		85D648F62C9DF24B0068BD2F /* Authentication.swift in Sources */ = {isa = PBXBuildFile; fileRef = 85D648F52C9DF24B0068BD2F /* Authentication.swift */; };
		85D648F82C9DF2730068BD2F /* AuthenticationError.swift in Sources */ = {isa = PBXBuildFile; fileRef = 85D648F72C9DF2730068BD2F /* AuthenticationError.swift */; };
		85D648FB2C9DF2C70068BD2F /* GoogleSignIn in Frameworks */ = {isa = PBXBuildFile; productRef = 85D648FA2C9DF2C70068BD2F /* GoogleSignIn */; };
		85D648FD2C9DF2C70068BD2F /* GoogleSignInSwift in Frameworks */ = {isa = PBXBuildFile; productRef = 85D648FC2C9DF2C70068BD2F /* GoogleSignInSwift */; };
		85D648FF2C9DF3FD0068BD2F /* FirebaseAnalytics in Frameworks */ = {isa = PBXBuildFile; productRef = 85D648FE2C9DF3FD0068BD2F /* FirebaseAnalytics */; };
		85D649012C9DF3FD0068BD2F /* FirebaseAnalyticsOnDeviceConversion in Frameworks */ = {isa = PBXBuildFile; productRef = 85D649002C9DF3FD0068BD2F /* FirebaseAnalyticsOnDeviceConversion */; };
		85D649032C9DF3FD0068BD2F /* FirebaseAnalyticsWithoutAdIdSupport in Frameworks */ = {isa = PBXBuildFile; productRef = 85D649022C9DF3FD0068BD2F /* FirebaseAnalyticsWithoutAdIdSupport */; };
		85D649052C9DF3FD0068BD2F /* FirebaseAppCheck in Frameworks */ = {isa = PBXBuildFile; productRef = 85D649042C9DF3FD0068BD2F /* FirebaseAppCheck */; };
		85D649072C9DF3FD0068BD2F /* FirebaseAppDistribution-Beta in Frameworks */ = {isa = PBXBuildFile; productRef = 85D649062C9DF3FD0068BD2F /* FirebaseAppDistribution-Beta */; };
		85D649092C9DF3FD0068BD2F /* FirebaseAuth in Frameworks */ = {isa = PBXBuildFile; productRef = 85D649082C9DF3FD0068BD2F /* FirebaseAuth */; };
		85D6490B2C9DF3FD0068BD2F /* FirebaseAuthCombine-Community in Frameworks */ = {isa = PBXBuildFile; productRef = 85D6490A2C9DF3FD0068BD2F /* FirebaseAuthCombine-Community */; };
		85D6490D2C9DF3FD0068BD2F /* FirebaseCrashlytics in Frameworks */ = {isa = PBXBuildFile; productRef = 85D6490C2C9DF3FD0068BD2F /* FirebaseCrashlytics */; };
		85D6490F2C9DF3FD0068BD2F /* FirebaseDatabase in Frameworks */ = {isa = PBXBuildFile; productRef = 85D6490E2C9DF3FD0068BD2F /* FirebaseDatabase */; };
		85D649112C9DF3FD0068BD2F /* FirebaseDynamicLinks in Frameworks */ = {isa = PBXBuildFile; productRef = 85D649102C9DF3FD0068BD2F /* FirebaseDynamicLinks */; };
		85D649132C9DF3FD0068BD2F /* FirebaseFirestore in Frameworks */ = {isa = PBXBuildFile; productRef = 85D649122C9DF3FD0068BD2F /* FirebaseFirestore */; };
		85D649152C9DF3FD0068BD2F /* FirebaseFirestoreCombine-Community in Frameworks */ = {isa = PBXBuildFile; productRef = 85D649142C9DF3FD0068BD2F /* FirebaseFirestoreCombine-Community */; };
		85D649172C9DF3FD0068BD2F /* FirebaseFunctions in Frameworks */ = {isa = PBXBuildFile; productRef = 85D649162C9DF3FD0068BD2F /* FirebaseFunctions */; };
		85D649192C9DF3FD0068BD2F /* FirebaseFunctionsCombine-Community in Frameworks */ = {isa = PBXBuildFile; productRef = 85D649182C9DF3FD0068BD2F /* FirebaseFunctionsCombine-Community */; };
		85D6491B2C9DF3FD0068BD2F /* FirebaseInAppMessaging-Beta in Frameworks */ = {isa = PBXBuildFile; productRef = 85D6491A2C9DF3FD0068BD2F /* FirebaseInAppMessaging-Beta */; };
		85D6491D2C9DF3FD0068BD2F /* FirebaseInstallations in Frameworks */ = {isa = PBXBuildFile; productRef = 85D6491C2C9DF3FD0068BD2F /* FirebaseInstallations */; };
		85D6491F2C9DF3FD0068BD2F /* FirebaseMLModelDownloader in Frameworks */ = {isa = PBXBuildFile; productRef = 85D6491E2C9DF3FD0068BD2F /* FirebaseMLModelDownloader */; };
		85D649212C9DF3FD0068BD2F /* FirebaseMessaging in Frameworks */ = {isa = PBXBuildFile; productRef = 85D649202C9DF3FD0068BD2F /* FirebaseMessaging */; };
		85D649232C9DF3FD0068BD2F /* FirebasePerformance in Frameworks */ = {isa = PBXBuildFile; productRef = 85D649222C9DF3FD0068BD2F /* FirebasePerformance */; };
		85D649252C9DF3FD0068BD2F /* FirebaseRemoteConfig in Frameworks */ = {isa = PBXBuildFile; productRef = 85D649242C9DF3FD0068BD2F /* FirebaseRemoteConfig */; };
		85D649272C9DF3FD0068BD2F /* FirebaseStorage in Frameworks */ = {isa = PBXBuildFile; productRef = 85D649262C9DF3FD0068BD2F /* FirebaseStorage */; };
		85D649292C9DF3FD0068BD2F /* FirebaseStorageCombine-Community in Frameworks */ = {isa = PBXBuildFile; productRef = 85D649282C9DF3FD0068BD2F /* FirebaseStorageCombine-Community */; };
		85D6492B2C9DF3FD0068BD2F /* FirebaseVertexAI-Preview in Frameworks */ = {isa = PBXBuildFile; productRef = 85D6492A2C9DF3FD0068BD2F /* FirebaseVertexAI-Preview */; };
		85D6492D2C9DF7570068BD2F /* GoogleService-Info.plist in Resources */ = {isa = PBXBuildFile; fileRef = 85D6492C2C9DF7570068BD2F /* GoogleService-Info.plist */; };
		85D6492F2C9DF9230068BD2F /* Poppins-SemiBold.ttf in Resources */ = {isa = PBXBuildFile; fileRef = 85D6492E2C9DF9230068BD2F /* Poppins-SemiBold.ttf */; };
		85D649312C9F2EA20068BD2F /* StoreKit-Configuration.storekit in Resources */ = {isa = PBXBuildFile; fileRef = 85D649302C9F2EA20068BD2F /* StoreKit-Configuration.storekit */; };
		85D649332C9F30D30068BD2F /* PropertyList-StoreKit.plist in Resources */ = {isa = PBXBuildFile; fileRef = 85D649322C9F30D30068BD2F /* PropertyList-StoreKit.plist */; };
		85D649362C9F314E0068BD2F /* StoreKitManager.swift in Sources */ = {isa = PBXBuildFile; fileRef = 85D649352C9F314E0068BD2F /* StoreKitManager.swift */; };
		85D649382C9F3D1F0068BD2F /* StoreError.swift in Sources */ = {isa = PBXBuildFile; fileRef = 85D649372C9F3D1F0068BD2F /* StoreError.swift */; };
		85D649412C9F58D60068BD2F /* DetailsCoordinator.swift in Sources */ = {isa = PBXBuildFile; fileRef = 85D649402C9F58D60068BD2F /* DetailsCoordinator.swift */; };
		85D649432C9F58EF0068BD2F /* DetailsCoordinatorView.swift in Sources */ = {isa = PBXBuildFile; fileRef = 85D649422C9F58EF0068BD2F /* DetailsCoordinatorView.swift */; };
/* End PBXBuildFile section */

/* Begin PBXFileReference section */
		8557031F2C9AA99F0086590C /* NewsApp-TestTask.app */ = {isa = PBXFileReference; explicitFileType = wrapper.application; includeInIndex = 0; path = "NewsApp-TestTask.app"; sourceTree = BUILT_PRODUCTS_DIR; };
		855703222C9AA99F0086590C /* NewsAppTestTaskApp.swift */ = {isa = PBXFileReference; lastKnownFileType = sourcecode.swift; path = NewsAppTestTaskApp.swift; sourceTree = "<group>"; };
		855703262C9AA9A10086590C /* Assets.xcassets */ = {isa = PBXFileReference; lastKnownFileType = folder.assetcatalog; path = Assets.xcassets; sourceTree = "<group>"; };
		855703292C9AA9A10086590C /* Preview Assets.xcassets */ = {isa = PBXFileReference; lastKnownFileType = folder.assetcatalog; path = "Preview Assets.xcassets"; sourceTree = "<group>"; };
		8557033C2C9C131B0086590C /* CoordinatorFactoryProtocols.swift */ = {isa = PBXFileReference; lastKnownFileType = sourcecode.swift; path = CoordinatorFactoryProtocols.swift; sourceTree = "<group>"; };
		8557033E2C9C13D60086590C /* ModuleFactory.swift */ = {isa = PBXFileReference; lastKnownFileType = sourcecode.swift; path = ModuleFactory.swift; sourceTree = "<group>"; };
		855703402C9C146D0086590C /* ModuleFactoryProtocols.swift */ = {isa = PBXFileReference; lastKnownFileType = sourcecode.swift; path = ModuleFactoryProtocols.swift; sourceTree = "<group>"; };
		855703432C9C14D50086590C /* AppCoordinator.swift */ = {isa = PBXFileReference; lastKnownFileType = sourcecode.swift; path = AppCoordinator.swift; sourceTree = "<group>"; };
		855703452C9C14DF0086590C /* AppCoordinatorView.swift */ = {isa = PBXFileReference; lastKnownFileType = sourcecode.swift; path = AppCoordinatorView.swift; sourceTree = "<group>"; };
		8557034A2C9C161B0086590C /* LaunchCoordinator.swift */ = {isa = PBXFileReference; lastKnownFileType = sourcecode.swift; path = LaunchCoordinator.swift; sourceTree = "<group>"; };
		8557034C2C9C16260086590C /* LaunchCoordinatorView.swift */ = {isa = PBXFileReference; lastKnownFileType = sourcecode.swift; path = LaunchCoordinatorView.swift; sourceTree = "<group>"; };
		8557034E2C9C16820086590C /* Coordinator.swift */ = {isa = PBXFileReference; lastKnownFileType = sourcecode.swift; path = Coordinator.swift; sourceTree = "<group>"; };
		855703502C9C16980086590C /* Routable.swift */ = {isa = PBXFileReference; lastKnownFileType = sourcecode.swift; path = Routable.swift; sourceTree = "<group>"; };
		855703522C9C17A80086590C /* LaunchView.swift */ = {isa = PBXFileReference; lastKnownFileType = sourcecode.swift; path = LaunchView.swift; sourceTree = "<group>"; };
		855703542C9C17B20086590C /* LaunchViewModel.swift */ = {isa = PBXFileReference; lastKnownFileType = sourcecode.swift; path = LaunchViewModel.swift; sourceTree = "<group>"; };
		855703562C9C19D00086590C /* Font.swift */ = {isa = PBXFileReference; lastKnownFileType = sourcecode.swift; path = Font.swift; sourceTree = "<group>"; };
		8557035F2C9C1F710086590C /* OnboardingCoordinator.swift */ = {isa = PBXFileReference; lastKnownFileType = sourcecode.swift; path = OnboardingCoordinator.swift; sourceTree = "<group>"; };
		855703612C9C1F760086590C /* OnboardingCoordinatorView.swift */ = {isa = PBXFileReference; lastKnownFileType = sourcecode.swift; path = OnboardingCoordinatorView.swift; sourceTree = "<group>"; };
		855703642C9C202D0086590C /* OnboardingView.swift */ = {isa = PBXFileReference; lastKnownFileType = sourcecode.swift; path = OnboardingView.swift; sourceTree = "<group>"; };
		855703662C9C20350086590C /* OnboardingViewModel.swift */ = {isa = PBXFileReference; lastKnownFileType = sourcecode.swift; path = OnboardingViewModel.swift; sourceTree = "<group>"; };
		8557036C2C9C76030086590C /* View.swift */ = {isa = PBXFileReference; lastKnownFileType = sourcecode.swift; path = View.swift; sourceTree = "<group>"; };
		8557036F2C9C763E0086590C /* RoundedCorner.swift */ = {isa = PBXFileReference; lastKnownFileType = sourcecode.swift; path = RoundedCorner.swift; sourceTree = "<group>"; };
		855703742C9C7A700086590C /* PaywallView.swift */ = {isa = PBXFileReference; lastKnownFileType = sourcecode.swift; path = PaywallView.swift; sourceTree = "<group>"; };
		855703762C9C7A860086590C /* PaywallViewModel.swift */ = {isa = PBXFileReference; lastKnownFileType = sourcecode.swift; path = PaywallViewModel.swift; sourceTree = "<group>"; };
		855703782C9C7A9A0086590C /* PaywallCoordinator.swift */ = {isa = PBXFileReference; lastKnownFileType = sourcecode.swift; path = PaywallCoordinator.swift; sourceTree = "<group>"; };
		8557037A2C9C7AA20086590C /* PaywallCoordinatorView.swift */ = {isa = PBXFileReference; lastKnownFileType = sourcecode.swift; path = PaywallCoordinatorView.swift; sourceTree = "<group>"; };
		8557037C2C9C7E8D0086590C /* Color.swift */ = {isa = PBXFileReference; lastKnownFileType = sourcecode.swift; path = Color.swift; sourceTree = "<group>"; };
		8557037E2C9C7EB60086590C /* UIColor.swift */ = {isa = PBXFileReference; lastKnownFileType = sourcecode.swift; path = UIColor.swift; sourceTree = "<group>"; };
		855703942C9C94190086590C /* Inter-VariableFont_opsz,wght.ttf */ = {isa = PBXFileReference; lastKnownFileType = file; path = "Inter-VariableFont_opsz,wght.ttf"; sourceTree = "<group>"; };
		855703962C9C94290086590C /* SchibstedGrotesk-VariableFont_wght.ttf */ = {isa = PBXFileReference; lastKnownFileType = file; path = "SchibstedGrotesk-VariableFont_wght.ttf"; sourceTree = "<group>"; };
		8557039A2C9C95BD0086590C /* LibreFranklin-VariableFont_wght.ttf */ = {isa = PBXFileReference; lastKnownFileType = file; path = "LibreFranklin-VariableFont_wght.ttf"; sourceTree = "<group>"; };
		8557039F2C9C991B0086590C /* NewsViewModel.swift */ = {isa = PBXFileReference; lastKnownFileType = sourcecode.swift; path = NewsViewModel.swift; sourceTree = "<group>"; };
		855703A12C9C99240086590C /* NewsView.swift */ = {isa = PBXFileReference; lastKnownFileType = sourcecode.swift; path = NewsView.swift; sourceTree = "<group>"; };
		855703A32C9C99350086590C /* NewsCoordinator.swift */ = {isa = PBXFileReference; lastKnownFileType = sourcecode.swift; path = NewsCoordinator.swift; sourceTree = "<group>"; };
		855703A52C9C993F0086590C /* NewsCoordinatorView.swift */ = {isa = PBXFileReference; lastKnownFileType = sourcecode.swift; path = NewsCoordinatorView.swift; sourceTree = "<group>"; };
		855703A82C9C99F60086590C /* ProfileViewModel.swift */ = {isa = PBXFileReference; lastKnownFileType = sourcecode.swift; path = ProfileViewModel.swift; sourceTree = "<group>"; };
		855703AA2C9C99FE0086590C /* ProfileView.swift */ = {isa = PBXFileReference; lastKnownFileType = sourcecode.swift; path = ProfileView.swift; sourceTree = "<group>"; };
		855703AE2C9C9D1C0086590C /* MainCoordinatorView.swift */ = {isa = PBXFileReference; lastKnownFileType = sourcecode.swift; path = MainCoordinatorView.swift; sourceTree = "<group>"; };
		855703B12C9C9D300086590C /* MainCoordinator.swift */ = {isa = PBXFileReference; lastKnownFileType = sourcecode.swift; path = MainCoordinator.swift; sourceTree = "<group>"; };
		855703B42C9C9D540086590C /* ProfileCoordinator.swift */ = {isa = PBXFileReference; lastKnownFileType = sourcecode.swift; path = ProfileCoordinator.swift; sourceTree = "<group>"; };
		855703B62C9C9D5F0086590C /* ProfileCoordinatorView.swift */ = {isa = PBXFileReference; lastKnownFileType = sourcecode.swift; path = ProfileCoordinatorView.swift; sourceTree = "<group>"; };
		855703BA2C9CAA990086590C /* TabbedItems.swift */ = {isa = PBXFileReference; lastKnownFileType = sourcecode.swift; path = TabbedItems.swift; sourceTree = "<group>"; };
		85D648C92C9D89210068BD2F /* NewsResponse.swift */ = {isa = PBXFileReference; lastKnownFileType = sourcecode.swift; path = NewsResponse.swift; sourceTree = "<group>"; };
		85D648CB2C9D89270068BD2F /* Source.swift */ = {isa = PBXFileReference; lastKnownFileType = sourcecode.swift; path = Source.swift; sourceTree = "<group>"; };
		85D648CD2C9D89320068BD2F /* NewsArticle.swift */ = {isa = PBXFileReference; lastKnownFileType = sourcecode.swift; path = NewsArticle.swift; sourceTree = "<group>"; };
		85D648CF2C9D89610068BD2F /* NewsCategory.swift */ = {isa = PBXFileReference; lastKnownFileType = sourcecode.swift; path = NewsCategory.swift; sourceTree = "<group>"; };
		85D648D22C9D89C40068BD2F /* NewsServiceError.swift */ = {isa = PBXFileReference; lastKnownFileType = sourcecode.swift; path = NewsServiceError.swift; sourceTree = "<group>"; };
		85D648D42C9D89D40068BD2F /* NewsService.swift */ = {isa = PBXFileReference; lastKnownFileType = sourcecode.swift; path = NewsService.swift; sourceTree = "<group>"; };
		85D648D62C9D97790068BD2F /* NewsArticleView.swift */ = {isa = PBXFileReference; lastKnownFileType = sourcecode.swift; path = NewsArticleView.swift; sourceTree = "<group>"; };
		85D648DA2C9D9B370068BD2F /* DetailsView.swift */ = {isa = PBXFileReference; lastKnownFileType = sourcecode.swift; name = DetailsView.swift; path = ../Main/News/Details/DetailsView.swift; sourceTree = "<group>"; };
		85D648DC2C9D9B490068BD2F /* DetailsViewModel.swift */ = {isa = PBXFileReference; lastKnownFileType = sourcecode.swift; path = DetailsViewModel.swift; sourceTree = "<group>"; };
		85D648DE2C9DD45A0068BD2F /* Merriweather-Regular.ttf */ = {isa = PBXFileReference; lastKnownFileType = file; path = "Merriweather-Regular.ttf"; sourceTree = "<group>"; };
		85D648F22C9DF0060068BD2F /* AppDelegate.swift */ = {isa = PBXFileReference; lastKnownFileType = sourcecode.swift; path = AppDelegate.swift; sourceTree = "<group>"; };
		85D648F52C9DF24B0068BD2F /* Authentication.swift */ = {isa = PBXFileReference; lastKnownFileType = sourcecode.swift; path = Authentication.swift; sourceTree = "<group>"; };
		85D648F72C9DF2730068BD2F /* AuthenticationError.swift */ = {isa = PBXFileReference; lastKnownFileType = sourcecode.swift; path = AuthenticationError.swift; sourceTree = "<group>"; };
		85D6492C2C9DF7570068BD2F /* GoogleService-Info.plist */ = {isa = PBXFileReference; fileEncoding = 4; lastKnownFileType = text.plist.xml; path = "GoogleService-Info.plist"; sourceTree = "<group>"; };
		85D6492E2C9DF9230068BD2F /* Poppins-SemiBold.ttf */ = {isa = PBXFileReference; lastKnownFileType = file; path = "Poppins-SemiBold.ttf"; sourceTree = "<group>"; };
		85D649302C9F2EA20068BD2F /* StoreKit-Configuration.storekit */ = {isa = PBXFileReference; lastKnownFileType = text; path = "StoreKit-Configuration.storekit"; sourceTree = "<group>"; };
		85D649322C9F30D30068BD2F /* PropertyList-StoreKit.plist */ = {isa = PBXFileReference; lastKnownFileType = text.plist.xml; path = "PropertyList-StoreKit.plist"; sourceTree = "<group>"; };
		85D649352C9F314E0068BD2F /* StoreKitManager.swift */ = {isa = PBXFileReference; lastKnownFileType = sourcecode.swift; path = StoreKitManager.swift; sourceTree = "<group>"; };
		85D649372C9F3D1F0068BD2F /* StoreError.swift */ = {isa = PBXFileReference; lastKnownFileType = sourcecode.swift; path = StoreError.swift; sourceTree = "<group>"; };
		85D649402C9F58D60068BD2F /* DetailsCoordinator.swift */ = {isa = PBXFileReference; lastKnownFileType = sourcecode.swift; path = DetailsCoordinator.swift; sourceTree = "<group>"; };
		85D649422C9F58EF0068BD2F /* DetailsCoordinatorView.swift */ = {isa = PBXFileReference; lastKnownFileType = sourcecode.swift; path = DetailsCoordinatorView.swift; sourceTree = "<group>"; };
/* End PBXFileReference section */

/* Begin PBXFrameworksBuildPhase section */
		8557031C2C9AA99F0086590C /* Frameworks */ = {
			isa = PBXFrameworksBuildPhase;
			buildActionMask = 2147483647;
			files = (
				85D6492B2C9DF3FD0068BD2F /* FirebaseVertexAI-Preview in Frameworks */,
				85D649152C9DF3FD0068BD2F /* FirebaseFirestoreCombine-Community in Frameworks */,
				85D648EF2C9DEFFD0068BD2F /* FirebaseAppCheck in Frameworks */,
				85D649032C9DF3FD0068BD2F /* FirebaseAnalyticsWithoutAdIdSupport in Frameworks */,
				85D6491F2C9DF3FD0068BD2F /* FirebaseMLModelDownloader in Frameworks */,
				85D648E92C9DEFFD0068BD2F /* FirebaseAnalytics in Frameworks */,
				85D648FF2C9DF3FD0068BD2F /* FirebaseAnalytics in Frameworks */,
				85D6491D2C9DF3FD0068BD2F /* FirebaseInstallations in Frameworks */,
				85D649212C9DF3FD0068BD2F /* FirebaseMessaging in Frameworks */,
				85D648FD2C9DF2C70068BD2F /* GoogleSignInSwift in Frameworks */,
				85D649252C9DF3FD0068BD2F /* FirebaseRemoteConfig in Frameworks */,
				85D649132C9DF3FD0068BD2F /* FirebaseFirestore in Frameworks */,
				85D649232C9DF3FD0068BD2F /* FirebasePerformance in Frameworks */,
				85D649172C9DF3FD0068BD2F /* FirebaseFunctions in Frameworks */,
				85D649112C9DF3FD0068BD2F /* FirebaseDynamicLinks in Frameworks */,
				85D6490B2C9DF3FD0068BD2F /* FirebaseAuthCombine-Community in Frameworks */,
				85D6490F2C9DF3FD0068BD2F /* FirebaseDatabase in Frameworks */,
				85D649012C9DF3FD0068BD2F /* FirebaseAnalyticsOnDeviceConversion in Frameworks */,
				85D648F12C9DEFFD0068BD2F /* FirebaseAppDistribution-Beta in Frameworks */,
				85D648ED2C9DEFFD0068BD2F /* FirebaseAnalyticsWithoutAdIdSupport in Frameworks */,
				85D649192C9DF3FD0068BD2F /* FirebaseFunctionsCombine-Community in Frameworks */,
				85D648EB2C9DEFFD0068BD2F /* FirebaseAnalyticsOnDeviceConversion in Frameworks */,
				85D648FB2C9DF2C70068BD2F /* GoogleSignIn in Frameworks */,
				85D6491B2C9DF3FD0068BD2F /* FirebaseInAppMessaging-Beta in Frameworks */,
				85D649092C9DF3FD0068BD2F /* FirebaseAuth in Frameworks */,
				85D6490D2C9DF3FD0068BD2F /* FirebaseCrashlytics in Frameworks */,
				85D649272C9DF3FD0068BD2F /* FirebaseStorage in Frameworks */,
				85D649052C9DF3FD0068BD2F /* FirebaseAppCheck in Frameworks */,
				85D649292C9DF3FD0068BD2F /* FirebaseStorageCombine-Community in Frameworks */,
				85D649072C9DF3FD0068BD2F /* FirebaseAppDistribution-Beta in Frameworks */,
			);
			runOnlyForDeploymentPostprocessing = 0;
		};
/* End PBXFrameworksBuildPhase section */

/* Begin PBXGroup section */
		855703162C9AA99F0086590C = {
			isa = PBXGroup;
			children = (
				855703212C9AA99F0086590C /* NewsApp-TestTask */,
				855703202C9AA99F0086590C /* Products */,
			);
			sourceTree = "<group>";
		};
		855703202C9AA99F0086590C /* Products */ = {
			isa = PBXGroup;
			children = (
				8557031F2C9AA99F0086590C /* NewsApp-TestTask.app */,
			);
			name = Products;
			sourceTree = "<group>";
		};
		855703212C9AA99F0086590C /* NewsApp-TestTask */ = {
			isa = PBXGroup;
			children = (
				85D6492C2C9DF7570068BD2F /* GoogleService-Info.plist */,
				85D649302C9F2EA20068BD2F /* StoreKit-Configuration.storekit */,
				85D649322C9F30D30068BD2F /* PropertyList-StoreKit.plist */,
				855703302C9AAA3D0086590C /* Application */,
				855703322C9AAA8D0086590C /* Core */,
				855703342C9AAAAC0086590C /* Models */,
				855703352C9AAAB10086590C /* Common */,
				855703382C9AAAD10086590C /* Modules */,
				855703392C9AAAEA0086590C /* Extensions */,
				8557033A2C9AAAF00086590C /* Resources */,
				855703282C9AA9A10086590C /* Preview Content */,
			);
			path = "NewsApp-TestTask";
			sourceTree = "<group>";
		};
		855703282C9AA9A10086590C /* Preview Content */ = {
			isa = PBXGroup;
			children = (
				855703292C9AA9A10086590C /* Preview Assets.xcassets */,
			);
			path = "Preview Content";
			sourceTree = "<group>";
		};
		855703302C9AAA3D0086590C /* Application */ = {
			isa = PBXGroup;
			children = (
				855703222C9AA99F0086590C /* NewsAppTestTaskApp.swift */,
				85D648F22C9DF0060068BD2F /* AppDelegate.swift */,
				855703312C9AAA700086590C /* DependencyInjection */,
			);
			path = Application;
			sourceTree = "<group>";
		};
		855703312C9AAA700086590C /* DependencyInjection */ = {
			isa = PBXGroup;
			children = (
				8557033B2C9C12F40086590C /* ModuleFactory */,
			);
			path = DependencyInjection;
			sourceTree = "<group>";
		};
		855703322C9AAA8D0086590C /* Core */ = {
			isa = PBXGroup;
			children = (
				85D649342C9F31390068BD2F /* Managers */,
				855703332C9AAA900086590C /* Services */,
			);
			path = Core;
			sourceTree = "<group>";
		};
		855703332C9AAA900086590C /* Services */ = {
			isa = PBXGroup;
			children = (
				85D648F42C9DF2400068BD2F /* GoogleAuth */,
				85AEF8172C9D7AA500498B73 /* NewsAPI */,
			);
			path = Services;
			sourceTree = "<group>";
		};
		855703342C9AAAAC0086590C /* Models */ = {
			isa = PBXGroup;
			children = (
				85D648D12C9D896B0068BD2F /* NewsModels */,
			);
			path = Models;
			sourceTree = "<group>";
		};
		855703352C9AAAB10086590C /* Common */ = {
			isa = PBXGroup;
			children = (
				855703362C9AAAC00086590C /* UI */,
				855703372C9AAAC40086590C /* Protocols */,
				8557036E2C9C76230086590C /* Helpers */,
			);
			path = Common;
			sourceTree = "<group>";
		};
		855703362C9AAAC00086590C /* UI */ = {
			isa = PBXGroup;
			children = (
				85D648D62C9D97790068BD2F /* NewsArticleView.swift */,
			);
			path = UI;
			sourceTree = "<group>";
		};
		855703372C9AAAC40086590C /* Protocols */ = {
			isa = PBXGroup;
			children = (
				8557034E2C9C16820086590C /* Coordinator.swift */,
				855703502C9C16980086590C /* Routable.swift */,
			);
			path = Protocols;
			sourceTree = "<group>";
		};
		855703382C9AAAD10086590C /* Modules */ = {
			isa = PBXGroup;
			children = (
				85D6493A2C9F58830068BD2F /* Details */,
				855703472C9C15E60086590C /* Launch */,
				8557035D2C9C1F570086590C /* Onboarding */,
				855703712C9C7A2D0086590C /* Paywall */,
				8557039C2C9C987C0086590C /* Main */,
				855703422C9C14B80086590C /* AppCoordinator */,
			);
			path = Modules;
			sourceTree = "<group>";
		};
		855703392C9AAAEA0086590C /* Extensions */ = {
			isa = PBXGroup;
			children = (
				855703562C9C19D00086590C /* Font.swift */,
				8557036C2C9C76030086590C /* View.swift */,
				8557037C2C9C7E8D0086590C /* Color.swift */,
			);
			path = Extensions;
			sourceTree = "<group>";
		};
		8557033A2C9AAAF00086590C /* Resources */ = {
			isa = PBXGroup;
			children = (
				855703872C9C8EAE0086590C /* Fonts */,
				855703262C9AA9A10086590C /* Assets.xcassets */,
			);
			path = Resources;
			sourceTree = "<group>";
		};
		8557033B2C9C12F40086590C /* ModuleFactory */ = {
			isa = PBXGroup;
			children = (
				855703402C9C146D0086590C /* ModuleFactoryProtocols.swift */,
				8557033C2C9C131B0086590C /* CoordinatorFactoryProtocols.swift */,
				8557033E2C9C13D60086590C /* ModuleFactory.swift */,
			);
			path = ModuleFactory;
			sourceTree = "<group>";
		};
		855703422C9C14B80086590C /* AppCoordinator */ = {
			isa = PBXGroup;
			children = (
				855703432C9C14D50086590C /* AppCoordinator.swift */,
				855703452C9C14DF0086590C /* AppCoordinatorView.swift */,
			);
			path = AppCoordinator;
			sourceTree = "<group>";
		};
		855703472C9C15E60086590C /* Launch */ = {
			isa = PBXGroup;
			children = (
				855703482C9C15F90086590C /* Launch */,
				855703492C9C16030086590C /* Coordinator */,
			);
			path = Launch;
			sourceTree = "<group>";
		};
		855703482C9C15F90086590C /* Launch */ = {
			isa = PBXGroup;
			children = (
				855703522C9C17A80086590C /* LaunchView.swift */,
				855703542C9C17B20086590C /* LaunchViewModel.swift */,
			);
			path = Launch;
			sourceTree = "<group>";
		};
		855703492C9C16030086590C /* Coordinator */ = {
			isa = PBXGroup;
			children = (
				8557034A2C9C161B0086590C /* LaunchCoordinator.swift */,
				8557034C2C9C16260086590C /* LaunchCoordinatorView.swift */,
			);
			path = Coordinator;
			sourceTree = "<group>";
		};
		8557035D2C9C1F570086590C /* Onboarding */ = {
			isa = PBXGroup;
			children = (
				855703632C9C20190086590C /* Onboarding */,
				8557035E2C9C1F630086590C /* Coordinator */,
			);
			path = Onboarding;
			sourceTree = "<group>";
		};
		8557035E2C9C1F630086590C /* Coordinator */ = {
			isa = PBXGroup;
			children = (
				8557035F2C9C1F710086590C /* OnboardingCoordinator.swift */,
				855703612C9C1F760086590C /* OnboardingCoordinatorView.swift */,
			);
			path = Coordinator;
			sourceTree = "<group>";
		};
		855703632C9C20190086590C /* Onboarding */ = {
			isa = PBXGroup;
			children = (
				855703642C9C202D0086590C /* OnboardingView.swift */,
				855703662C9C20350086590C /* OnboardingViewModel.swift */,
			);
			path = Onboarding;
			sourceTree = "<group>";
		};
		8557036E2C9C76230086590C /* Helpers */ = {
			isa = PBXGroup;
			children = (
				8557036F2C9C763E0086590C /* RoundedCorner.swift */,
				8557037E2C9C7EB60086590C /* UIColor.swift */,
				855703BA2C9CAA990086590C /* TabbedItems.swift */,
			);
			path = Helpers;
			sourceTree = "<group>";
		};
		855703712C9C7A2D0086590C /* Paywall */ = {
			isa = PBXGroup;
			children = (
				855703732C9C7A590086590C /* Paywall */,
				855703722C9C7A510086590C /* Coordinator */,
			);
			path = Paywall;
			sourceTree = "<group>";
		};
		855703722C9C7A510086590C /* Coordinator */ = {
			isa = PBXGroup;
			children = (
				855703782C9C7A9A0086590C /* PaywallCoordinator.swift */,
				8557037A2C9C7AA20086590C /* PaywallCoordinatorView.swift */,
			);
			path = Coordinator;
			sourceTree = "<group>";
		};
		855703732C9C7A590086590C /* Paywall */ = {
			isa = PBXGroup;
			children = (
				855703742C9C7A700086590C /* PaywallView.swift */,
				855703762C9C7A860086590C /* PaywallViewModel.swift */,
			);
			path = Paywall;
			sourceTree = "<group>";
		};
		855703872C9C8EAE0086590C /* Fonts */ = {
			isa = PBXGroup;
			children = (
				85D6492E2C9DF9230068BD2F /* Poppins-SemiBold.ttf */,
				85D648DE2C9DD45A0068BD2F /* Merriweather-Regular.ttf */,
				855703942C9C94190086590C /* Inter-VariableFont_opsz,wght.ttf */,
				8557039A2C9C95BD0086590C /* LibreFranklin-VariableFont_wght.ttf */,
				855703962C9C94290086590C /* SchibstedGrotesk-VariableFont_wght.ttf */,
			);
			path = Fonts;
			sourceTree = "<group>";
		};
		8557039C2C9C987C0086590C /* Main */ = {
			isa = PBXGroup;
			children = (
				8557039E2C9C99080086590C /* News */,
				855703A72C9C99830086590C /* Profile */,
				8557039D2C9C98FF0086590C /* Coordinator */,
			);
			path = Main;
			sourceTree = "<group>";
		};
		8557039D2C9C98FF0086590C /* Coordinator */ = {
			isa = PBXGroup;
			children = (
				855703B12C9C9D300086590C /* MainCoordinator.swift */,
				855703AE2C9C9D1C0086590C /* MainCoordinatorView.swift */,
			);
			path = Coordinator;
			sourceTree = "<group>";
		};
		8557039E2C9C99080086590C /* News */ = {
			isa = PBXGroup;
			children = (
				85D648D92C9D9B290068BD2F /* Details */,
				85D648D82C9D9B180068BD2F /* News */,
				855703AC2C9C9AEF0086590C /* Coordinator */,
			);
			path = News;
			sourceTree = "<group>";
		};
		855703A72C9C99830086590C /* Profile */ = {
			isa = PBXGroup;
			children = (
				855703AA2C9C99FE0086590C /* ProfileView.swift */,
				855703A82C9C99F60086590C /* ProfileViewModel.swift */,
				855703B32C9C9D480086590C /* Coordinator */,
			);
			path = Profile;
			sourceTree = "<group>";
		};
		855703AC2C9C9AEF0086590C /* Coordinator */ = {
			isa = PBXGroup;
			children = (
				855703A32C9C99350086590C /* NewsCoordinator.swift */,
				855703A52C9C993F0086590C /* NewsCoordinatorView.swift */,
			);
			path = Coordinator;
			sourceTree = "<group>";
		};
		855703B32C9C9D480086590C /* Coordinator */ = {
			isa = PBXGroup;
			children = (
				855703B42C9C9D540086590C /* ProfileCoordinator.swift */,
				855703B62C9C9D5F0086590C /* ProfileCoordinatorView.swift */,
			);
			path = Coordinator;
			sourceTree = "<group>";
		};
		85AEF8172C9D7AA500498B73 /* NewsAPI */ = {
			isa = PBXGroup;
			children = (
				85D648D22C9D89C40068BD2F /* NewsServiceError.swift */,
				85D648D42C9D89D40068BD2F /* NewsService.swift */,
			);
			path = NewsAPI;
			sourceTree = "<group>";
		};
		85D648D12C9D896B0068BD2F /* NewsModels */ = {
			isa = PBXGroup;
			children = (
				85D648C92C9D89210068BD2F /* NewsResponse.swift */,
				85D648CB2C9D89270068BD2F /* Source.swift */,
				85D648CD2C9D89320068BD2F /* NewsArticle.swift */,
				85D648CF2C9D89610068BD2F /* NewsCategory.swift */,
			);
			path = NewsModels;
			sourceTree = "<group>";
		};
		85D648D82C9D9B180068BD2F /* News */ = {
			isa = PBXGroup;
			children = (
				855703A12C9C99240086590C /* NewsView.swift */,
				8557039F2C9C991B0086590C /* NewsViewModel.swift */,
			);
			path = News;
			sourceTree = "<group>";
		};
		85D648D92C9D9B290068BD2F /* Details */ = {
			isa = PBXGroup;
			children = (
			);
			path = Details;
			sourceTree = "<group>";
		};
		85D648F42C9DF2400068BD2F /* GoogleAuth */ = {
			isa = PBXGroup;
			children = (
				85D648F52C9DF24B0068BD2F /* Authentication.swift */,
				85D648F72C9DF2730068BD2F /* AuthenticationError.swift */,
			);
			path = GoogleAuth;
			sourceTree = "<group>";
		};
		85D649342C9F31390068BD2F /* Managers */ = {
			isa = PBXGroup;
			children = (
				85D649352C9F314E0068BD2F /* StoreKitManager.swift */,
				85D649372C9F3D1F0068BD2F /* StoreError.swift */,
			);
			path = Managers;
			sourceTree = "<group>";
		};
		85D6493A2C9F58830068BD2F /* Details */ = {
			isa = PBXGroup;
			children = (
				85D648DA2C9D9B370068BD2F /* DetailsView.swift */,
				85D648DC2C9D9B490068BD2F /* DetailsViewModel.swift */,
				85D6493B2C9F58890068BD2F /* Coordinator */,
			);
			path = Details;
			sourceTree = "<group>";
		};
		85D6493B2C9F58890068BD2F /* Coordinator */ = {
			isa = PBXGroup;
			children = (
				85D649402C9F58D60068BD2F /* DetailsCoordinator.swift */,
				85D649422C9F58EF0068BD2F /* DetailsCoordinatorView.swift */,
			);
			path = Coordinator;
			sourceTree = "<group>";
		};
/* End PBXGroup section */

/* Begin PBXNativeTarget section */
		8557031E2C9AA99F0086590C /* NewsApp-TestTask */ = {
			isa = PBXNativeTarget;
			buildConfigurationList = 8557032D2C9AA9A10086590C /* Build configuration list for PBXNativeTarget "NewsApp-TestTask" */;
			buildPhases = (
				8557031B2C9AA99F0086590C /* Sources */,
				8557031C2C9AA99F0086590C /* Frameworks */,
				8557031D2C9AA99F0086590C /* Resources */,
			);
			buildRules = (
			);
			dependencies = (
			);
			name = "NewsApp-TestTask";
			packageProductDependencies = (
				85D648E82C9DEFFD0068BD2F /* FirebaseAnalytics */,
				85D648EA2C9DEFFD0068BD2F /* FirebaseAnalyticsOnDeviceConversion */,
				85D648EC2C9DEFFD0068BD2F /* FirebaseAnalyticsWithoutAdIdSupport */,
				85D648EE2C9DEFFD0068BD2F /* FirebaseAppCheck */,
				85D648F02C9DEFFD0068BD2F /* FirebaseAppDistribution-Beta */,
				85D648FA2C9DF2C70068BD2F /* GoogleSignIn */,
				85D648FC2C9DF2C70068BD2F /* GoogleSignInSwift */,
				85D648FE2C9DF3FD0068BD2F /* FirebaseAnalytics */,
				85D649002C9DF3FD0068BD2F /* FirebaseAnalyticsOnDeviceConversion */,
				85D649022C9DF3FD0068BD2F /* FirebaseAnalyticsWithoutAdIdSupport */,
				85D649042C9DF3FD0068BD2F /* FirebaseAppCheck */,
				85D649062C9DF3FD0068BD2F /* FirebaseAppDistribution-Beta */,
				85D649082C9DF3FD0068BD2F /* FirebaseAuth */,
				85D6490A2C9DF3FD0068BD2F /* FirebaseAuthCombine-Community */,
				85D6490C2C9DF3FD0068BD2F /* FirebaseCrashlytics */,
				85D6490E2C9DF3FD0068BD2F /* FirebaseDatabase */,
				85D649102C9DF3FD0068BD2F /* FirebaseDynamicLinks */,
				85D649122C9DF3FD0068BD2F /* FirebaseFirestore */,
				85D649142C9DF3FD0068BD2F /* FirebaseFirestoreCombine-Community */,
				85D649162C9DF3FD0068BD2F /* FirebaseFunctions */,
				85D649182C9DF3FD0068BD2F /* FirebaseFunctionsCombine-Community */,
				85D6491A2C9DF3FD0068BD2F /* FirebaseInAppMessaging-Beta */,
				85D6491C2C9DF3FD0068BD2F /* FirebaseInstallations */,
				85D6491E2C9DF3FD0068BD2F /* FirebaseMLModelDownloader */,
				85D649202C9DF3FD0068BD2F /* FirebaseMessaging */,
				85D649222C9DF3FD0068BD2F /* FirebasePerformance */,
				85D649242C9DF3FD0068BD2F /* FirebaseRemoteConfig */,
				85D649262C9DF3FD0068BD2F /* FirebaseStorage */,
				85D649282C9DF3FD0068BD2F /* FirebaseStorageCombine-Community */,
				85D6492A2C9DF3FD0068BD2F /* FirebaseVertexAI-Preview */,
			);
			productName = "NewsApp-TestTask";
			productReference = 8557031F2C9AA99F0086590C /* NewsApp-TestTask.app */;
			productType = "com.apple.product-type.application";
		};
/* End PBXNativeTarget section */

/* Begin PBXProject section */
		855703172C9AA99F0086590C /* Project object */ = {
			isa = PBXProject;
			attributes = {
				BuildIndependentTargetsInParallel = 1;
				LastSwiftUpdateCheck = 1510;
				LastUpgradeCheck = 1510;
				TargetAttributes = {
					8557031E2C9AA99F0086590C = {
						CreatedOnToolsVersion = 15.1;
					};
				};
			};
			buildConfigurationList = 8557031A2C9AA99F0086590C /* Build configuration list for PBXProject "NewsApp-TestTask" */;
			compatibilityVersion = "Xcode 14.0";
			developmentRegion = en;
			hasScannedForEncodings = 0;
			knownRegions = (
				en,
				Base,
			);
			mainGroup = 855703162C9AA99F0086590C;
			packageReferences = (
				85D648E72C9DEFFD0068BD2F /* XCRemoteSwiftPackageReference "firebase-ios-sdk" */,
				85D648F92C9DF2C70068BD2F /* XCRemoteSwiftPackageReference "GoogleSignIn-iOS" */,
			);
			productRefGroup = 855703202C9AA99F0086590C /* Products */;
			projectDirPath = "";
			projectRoot = "";
			targets = (
				8557031E2C9AA99F0086590C /* NewsApp-TestTask */,
			);
		};
/* End PBXProject section */

/* Begin PBXResourcesBuildPhase section */
		8557031D2C9AA99F0086590C /* Resources */ = {
			isa = PBXResourcesBuildPhase;
			buildActionMask = 2147483647;
			files = (
				8557032A2C9AA9A10086590C /* Preview Assets.xcassets in Resources */,
				855703972C9C942A0086590C /* SchibstedGrotesk-VariableFont_wght.ttf in Resources */,
				855703272C9AA9A10086590C /* Assets.xcassets in Resources */,
				8557039B2C9C95BD0086590C /* LibreFranklin-VariableFont_wght.ttf in Resources */,
				85D649332C9F30D30068BD2F /* PropertyList-StoreKit.plist in Resources */,
				85D648DF2C9DD45A0068BD2F /* Merriweather-Regular.ttf in Resources */,
				85D6492F2C9DF9230068BD2F /* Poppins-SemiBold.ttf in Resources */,
				855703952C9C94190086590C /* Inter-VariableFont_opsz,wght.ttf in Resources */,
				85D6492D2C9DF7570068BD2F /* GoogleService-Info.plist in Resources */,
				85D649312C9F2EA20068BD2F /* StoreKit-Configuration.storekit in Resources */,
			);
			runOnlyForDeploymentPostprocessing = 0;
		};
/* End PBXResourcesBuildPhase section */

/* Begin PBXSourcesBuildPhase section */
		8557031B2C9AA99F0086590C /* Sources */ = {
			isa = PBXSourcesBuildPhase;
			buildActionMask = 2147483647;
			files = (
				85D648D02C9D89610068BD2F /* NewsCategory.swift in Sources */,
				85D648CC2C9D89270068BD2F /* Source.swift in Sources */,
				8557034D2C9C16260086590C /* LaunchCoordinatorView.swift in Sources */,
				855703A42C9C99350086590C /* NewsCoordinator.swift in Sources */,
				855703792C9C7A9A0086590C /* PaywallCoordinator.swift in Sources */,
				855703532C9C17A80086590C /* LaunchView.swift in Sources */,
				85D648CA2C9D89210068BD2F /* NewsResponse.swift in Sources */,
				855703B52C9C9D540086590C /* ProfileCoordinator.swift in Sources */,
				85D649432C9F58EF0068BD2F /* DetailsCoordinatorView.swift in Sources */,
				855703A62C9C993F0086590C /* NewsCoordinatorView.swift in Sources */,
				855703232C9AA99F0086590C /* NewsAppTestTaskApp.swift in Sources */,
				855703602C9C1F710086590C /* OnboardingCoordinator.swift in Sources */,
				855703A02C9C991B0086590C /* NewsViewModel.swift in Sources */,
				8557037D2C9C7E8D0086590C /* Color.swift in Sources */,
				8557033F2C9C13D60086590C /* ModuleFactory.swift in Sources */,
				8557034B2C9C161B0086590C /* LaunchCoordinator.swift in Sources */,
				85D649362C9F314E0068BD2F /* StoreKitManager.swift in Sources */,
				855703442C9C14D50086590C /* AppCoordinator.swift in Sources */,
				855703412C9C146D0086590C /* ModuleFactoryProtocols.swift in Sources */,
				85D648DD2C9D9B490068BD2F /* DetailsViewModel.swift in Sources */,
				85D648DB2C9D9B370068BD2F /* DetailsView.swift in Sources */,
				855703772C9C7A860086590C /* PaywallViewModel.swift in Sources */,
				855703572C9C19D00086590C /* Font.swift in Sources */,
				855703672C9C20350086590C /* OnboardingViewModel.swift in Sources */,
				85D648F32C9DF0060068BD2F /* AppDelegate.swift in Sources */,
				855703B22C9C9D300086590C /* MainCoordinator.swift in Sources */,
				8557033D2C9C131B0086590C /* CoordinatorFactoryProtocols.swift in Sources */,
				85D649382C9F3D1F0068BD2F /* StoreError.swift in Sources */,
				85D648D32C9D89C40068BD2F /* NewsServiceError.swift in Sources */,
				85D648D72C9D97790068BD2F /* NewsArticleView.swift in Sources */,
				855703622C9C1F760086590C /* OnboardingCoordinatorView.swift in Sources */,
				85D648D52C9D89D40068BD2F /* NewsService.swift in Sources */,
				855703AB2C9C99FE0086590C /* ProfileView.swift in Sources */,
				855703462C9C14DF0086590C /* AppCoordinatorView.swift in Sources */,
				8557034F2C9C16820086590C /* Coordinator.swift in Sources */,
				8557036D2C9C76030086590C /* View.swift in Sources */,
				855703A22C9C99240086590C /* NewsView.swift in Sources */,
				855703652C9C202D0086590C /* OnboardingView.swift in Sources */,
				85D648CE2C9D89320068BD2F /* NewsArticle.swift in Sources */,
				855703AF2C9C9D1C0086590C /* MainCoordinatorView.swift in Sources */,
				85D648F62C9DF24B0068BD2F /* Authentication.swift in Sources */,
				85D649412C9F58D60068BD2F /* DetailsCoordinator.swift in Sources */,
				8557037F2C9C7EB60086590C /* UIColor.swift in Sources */,
				855703A92C9C99F60086590C /* ProfileViewModel.swift in Sources */,
				855703512C9C16980086590C /* Routable.swift in Sources */,
				855703B72C9C9D5F0086590C /* ProfileCoordinatorView.swift in Sources */,
				855703752C9C7A700086590C /* PaywallView.swift in Sources */,
				855703702C9C763E0086590C /* RoundedCorner.swift in Sources */,
				855703552C9C17B20086590C /* LaunchViewModel.swift in Sources */,
				8557037B2C9C7AA20086590C /* PaywallCoordinatorView.swift in Sources */,
				85D648F82C9DF2730068BD2F /* AuthenticationError.swift in Sources */,
				855703BB2C9CAA9A0086590C /* TabbedItems.swift in Sources */,
			);
			runOnlyForDeploymentPostprocessing = 0;
		};
/* End PBXSourcesBuildPhase section */

/* Begin XCBuildConfiguration section */
		8557032B2C9AA9A10086590C /* Debug */ = {
			isa = XCBuildConfiguration;
			buildSettings = {
				ALWAYS_SEARCH_USER_PATHS = NO;
				ASSETCATALOG_COMPILER_GENERATE_SWIFT_ASSET_SYMBOL_EXTENSIONS = YES;
				CLANG_ANALYZER_NONNULL = YES;
				CLANG_ANALYZER_NUMBER_OBJECT_CONVERSION = YES_AGGRESSIVE;
				CLANG_CXX_LANGUAGE_STANDARD = "gnu++20";
				CLANG_ENABLE_MODULES = YES;
				CLANG_ENABLE_OBJC_ARC = YES;
				CLANG_ENABLE_OBJC_WEAK = YES;
				CLANG_WARN_BLOCK_CAPTURE_AUTORELEASING = YES;
				CLANG_WARN_BOOL_CONVERSION = YES;
				CLANG_WARN_COMMA = YES;
				CLANG_WARN_CONSTANT_CONVERSION = YES;
				CLANG_WARN_DEPRECATED_OBJC_IMPLEMENTATIONS = YES;
				CLANG_WARN_DIRECT_OBJC_ISA_USAGE = YES_ERROR;
				CLANG_WARN_DOCUMENTATION_COMMENTS = YES;
				CLANG_WARN_EMPTY_BODY = YES;
				CLANG_WARN_ENUM_CONVERSION = YES;
				CLANG_WARN_INFINITE_RECURSION = YES;
				CLANG_WARN_INT_CONVERSION = YES;
				CLANG_WARN_NON_LITERAL_NULL_CONVERSION = YES;
				CLANG_WARN_OBJC_IMPLICIT_RETAIN_SELF = YES;
				CLANG_WARN_OBJC_LITERAL_CONVERSION = YES;
				CLANG_WARN_OBJC_ROOT_CLASS = YES_ERROR;
				CLANG_WARN_QUOTED_INCLUDE_IN_FRAMEWORK_HEADER = YES;
				CLANG_WARN_RANGE_LOOP_ANALYSIS = YES;
				CLANG_WARN_STRICT_PROTOTYPES = YES;
				CLANG_WARN_SUSPICIOUS_MOVE = YES;
				CLANG_WARN_UNGUARDED_AVAILABILITY = YES_AGGRESSIVE;
				CLANG_WARN_UNREACHABLE_CODE = YES;
				CLANG_WARN__DUPLICATE_METHOD_MATCH = YES;
				COPY_PHASE_STRIP = NO;
				DEBUG_INFORMATION_FORMAT = dwarf;
				ENABLE_STRICT_OBJC_MSGSEND = YES;
				ENABLE_TESTABILITY = YES;
				ENABLE_USER_SCRIPT_SANDBOXING = YES;
				GCC_C_LANGUAGE_STANDARD = gnu17;
				GCC_DYNAMIC_NO_PIC = NO;
				GCC_NO_COMMON_BLOCKS = YES;
				GCC_OPTIMIZATION_LEVEL = 0;
				GCC_PREPROCESSOR_DEFINITIONS = (
					"DEBUG=1",
					"$(inherited)",
				);
				GCC_WARN_64_TO_32_BIT_CONVERSION = YES;
				GCC_WARN_ABOUT_RETURN_TYPE = YES_ERROR;
				GCC_WARN_UNDECLARED_SELECTOR = YES;
				GCC_WARN_UNINITIALIZED_AUTOS = YES_AGGRESSIVE;
				GCC_WARN_UNUSED_FUNCTION = YES;
				GCC_WARN_UNUSED_VARIABLE = YES;
				IPHONEOS_DEPLOYMENT_TARGET = 17.2;
				LOCALIZATION_PREFERS_STRING_CATALOGS = YES;
				MTL_ENABLE_DEBUG_INFO = INCLUDE_SOURCE;
				MTL_FAST_MATH = YES;
				ONLY_ACTIVE_ARCH = YES;
				SDKROOT = iphoneos;
				SWIFT_ACTIVE_COMPILATION_CONDITIONS = "DEBUG $(inherited)";
				SWIFT_OPTIMIZATION_LEVEL = "-Onone";
			};
			name = Debug;
		};
		8557032C2C9AA9A10086590C /* Release */ = {
			isa = XCBuildConfiguration;
			buildSettings = {
				ALWAYS_SEARCH_USER_PATHS = NO;
				ASSETCATALOG_COMPILER_GENERATE_SWIFT_ASSET_SYMBOL_EXTENSIONS = YES;
				CLANG_ANALYZER_NONNULL = YES;
				CLANG_ANALYZER_NUMBER_OBJECT_CONVERSION = YES_AGGRESSIVE;
				CLANG_CXX_LANGUAGE_STANDARD = "gnu++20";
				CLANG_ENABLE_MODULES = YES;
				CLANG_ENABLE_OBJC_ARC = YES;
				CLANG_ENABLE_OBJC_WEAK = YES;
				CLANG_WARN_BLOCK_CAPTURE_AUTORELEASING = YES;
				CLANG_WARN_BOOL_CONVERSION = YES;
				CLANG_WARN_COMMA = YES;
				CLANG_WARN_CONSTANT_CONVERSION = YES;
				CLANG_WARN_DEPRECATED_OBJC_IMPLEMENTATIONS = YES;
				CLANG_WARN_DIRECT_OBJC_ISA_USAGE = YES_ERROR;
				CLANG_WARN_DOCUMENTATION_COMMENTS = YES;
				CLANG_WARN_EMPTY_BODY = YES;
				CLANG_WARN_ENUM_CONVERSION = YES;
				CLANG_WARN_INFINITE_RECURSION = YES;
				CLANG_WARN_INT_CONVERSION = YES;
				CLANG_WARN_NON_LITERAL_NULL_CONVERSION = YES;
				CLANG_WARN_OBJC_IMPLICIT_RETAIN_SELF = YES;
				CLANG_WARN_OBJC_LITERAL_CONVERSION = YES;
				CLANG_WARN_OBJC_ROOT_CLASS = YES_ERROR;
				CLANG_WARN_QUOTED_INCLUDE_IN_FRAMEWORK_HEADER = YES;
				CLANG_WARN_RANGE_LOOP_ANALYSIS = YES;
				CLANG_WARN_STRICT_PROTOTYPES = YES;
				CLANG_WARN_SUSPICIOUS_MOVE = YES;
				CLANG_WARN_UNGUARDED_AVAILABILITY = YES_AGGRESSIVE;
				CLANG_WARN_UNREACHABLE_CODE = YES;
				CLANG_WARN__DUPLICATE_METHOD_MATCH = YES;
				COPY_PHASE_STRIP = NO;
				DEBUG_INFORMATION_FORMAT = "dwarf-with-dsym";
				ENABLE_NS_ASSERTIONS = NO;
				ENABLE_STRICT_OBJC_MSGSEND = YES;
				ENABLE_USER_SCRIPT_SANDBOXING = YES;
				GCC_C_LANGUAGE_STANDARD = gnu17;
				GCC_NO_COMMON_BLOCKS = YES;
				GCC_WARN_64_TO_32_BIT_CONVERSION = YES;
				GCC_WARN_ABOUT_RETURN_TYPE = YES_ERROR;
				GCC_WARN_UNDECLARED_SELECTOR = YES;
				GCC_WARN_UNINITIALIZED_AUTOS = YES_AGGRESSIVE;
				GCC_WARN_UNUSED_FUNCTION = YES;
				GCC_WARN_UNUSED_VARIABLE = YES;
				IPHONEOS_DEPLOYMENT_TARGET = 17.2;
				LOCALIZATION_PREFERS_STRING_CATALOGS = YES;
				MTL_ENABLE_DEBUG_INFO = NO;
				MTL_FAST_MATH = YES;
				SDKROOT = iphoneos;
				SWIFT_COMPILATION_MODE = wholemodule;
				VALIDATE_PRODUCT = YES;
			};
			name = Release;
		};
		8557032E2C9AA9A10086590C /* Debug */ = {
			isa = XCBuildConfiguration;
			buildSettings = {
				ASSETCATALOG_COMPILER_APPICON_NAME = AppIcon;
				ASSETCATALOG_COMPILER_GLOBAL_ACCENT_COLOR_NAME = AccentColor;
				CODE_SIGN_STYLE = Automatic;
				CURRENT_PROJECT_VERSION = 1;
				DEVELOPMENT_ASSET_PATHS = "\"NewsApp-TestTask/Preview Content\"";
				DEVELOPMENT_TEAM = C96F6SJTDJ;
				ENABLE_PREVIEWS = YES;
				GENERATE_INFOPLIST_FILE = YES;
				INFOPLIST_FILE = "NewsApp-TestTask/Info.plist";
				INFOPLIST_KEY_LSApplicationCategoryType = "";
				INFOPLIST_KEY_UIApplicationSceneManifest_Generation = YES;
				INFOPLIST_KEY_UIApplicationSupportsIndirectInputEvents = YES;
				INFOPLIST_KEY_UILaunchScreen_Generation = YES;
				INFOPLIST_KEY_UISupportedInterfaceOrientations_iPad = "UIInterfaceOrientationPortrait UIInterfaceOrientationPortraitUpsideDown UIInterfaceOrientationLandscapeLeft UIInterfaceOrientationLandscapeRight";
				INFOPLIST_KEY_UISupportedInterfaceOrientations_iPhone = "UIInterfaceOrientationPortrait UIInterfaceOrientationLandscapeLeft UIInterfaceOrientationLandscapeRight";
				LD_RUNPATH_SEARCH_PATHS = (
					"$(inherited)",
					"@executable_path/Frameworks",
				);
				MARKETING_VERSION = 1.0;
				PRODUCT_BUNDLE_IDENTIFIER = "Dashko.NewsApp-TestTask";
				PRODUCT_NAME = "$(TARGET_NAME)";
				SWIFT_EMIT_LOC_STRINGS = YES;
				SWIFT_VERSION = 5.0;
				TARGETED_DEVICE_FAMILY = "1,2";
			};
			name = Debug;
		};
		8557032F2C9AA9A10086590C /* Release */ = {
			isa = XCBuildConfiguration;
			buildSettings = {
				ASSETCATALOG_COMPILER_APPICON_NAME = AppIcon;
				ASSETCATALOG_COMPILER_GLOBAL_ACCENT_COLOR_NAME = AccentColor;
				CODE_SIGN_STYLE = Automatic;
				CURRENT_PROJECT_VERSION = 1;
				DEVELOPMENT_ASSET_PATHS = "\"NewsApp-TestTask/Preview Content\"";
				DEVELOPMENT_TEAM = C96F6SJTDJ;
				ENABLE_PREVIEWS = YES;
				GENERATE_INFOPLIST_FILE = YES;
				INFOPLIST_FILE = "NewsApp-TestTask/Info.plist";
				INFOPLIST_KEY_LSApplicationCategoryType = "";
				INFOPLIST_KEY_UIApplicationSceneManifest_Generation = YES;
				INFOPLIST_KEY_UIApplicationSupportsIndirectInputEvents = YES;
				INFOPLIST_KEY_UILaunchScreen_Generation = YES;
				INFOPLIST_KEY_UISupportedInterfaceOrientations_iPad = "UIInterfaceOrientationPortrait UIInterfaceOrientationPortraitUpsideDown UIInterfaceOrientationLandscapeLeft UIInterfaceOrientationLandscapeRight";
				INFOPLIST_KEY_UISupportedInterfaceOrientations_iPhone = "UIInterfaceOrientationPortrait UIInterfaceOrientationLandscapeLeft UIInterfaceOrientationLandscapeRight";
				LD_RUNPATH_SEARCH_PATHS = (
					"$(inherited)",
					"@executable_path/Frameworks",
				);
				MARKETING_VERSION = 1.0;
				PRODUCT_BUNDLE_IDENTIFIER = "Dashko.NewsApp-TestTask";
				PRODUCT_NAME = "$(TARGET_NAME)";
				SWIFT_EMIT_LOC_STRINGS = YES;
				SWIFT_VERSION = 5.0;
				TARGETED_DEVICE_FAMILY = "1,2";
			};
			name = Release;
		};
/* End XCBuildConfiguration section */

/* Begin XCConfigurationList section */
		8557031A2C9AA99F0086590C /* Build configuration list for PBXProject "NewsApp-TestTask" */ = {
			isa = XCConfigurationList;
			buildConfigurations = (
				8557032B2C9AA9A10086590C /* Debug */,
				8557032C2C9AA9A10086590C /* Release */,
			);
			defaultConfigurationIsVisible = 0;
			defaultConfigurationName = Release;
		};
		8557032D2C9AA9A10086590C /* Build configuration list for PBXNativeTarget "NewsApp-TestTask" */ = {
			isa = XCConfigurationList;
			buildConfigurations = (
				8557032E2C9AA9A10086590C /* Debug */,
				8557032F2C9AA9A10086590C /* Release */,
			);
			defaultConfigurationIsVisible = 0;
			defaultConfigurationName = Release;
		};
/* End XCConfigurationList section */

/* Begin XCRemoteSwiftPackageReference section */
		85D648E72C9DEFFD0068BD2F /* XCRemoteSwiftPackageReference "firebase-ios-sdk" */ = {
			isa = XCRemoteSwiftPackageReference;
			repositoryURL = "https://github.com/firebase/firebase-ios-sdk";
			requirement = {
				kind = upToNextMajorVersion;
				minimumVersion = 11.2.0;
			};
		};
		85D648F92C9DF2C70068BD2F /* XCRemoteSwiftPackageReference "GoogleSignIn-iOS" */ = {
			isa = XCRemoteSwiftPackageReference;
			repositoryURL = "https://github.com/google/GoogleSignIn-iOS";
			requirement = {
				kind = upToNextMajorVersion;
				minimumVersion = 8.0.0;
			};
		};
/* End XCRemoteSwiftPackageReference section */

/* Begin XCSwiftPackageProductDependency section */
		85D648E82C9DEFFD0068BD2F /* FirebaseAnalytics */ = {
			isa = XCSwiftPackageProductDependency;
			package = 85D648E72C9DEFFD0068BD2F /* XCRemoteSwiftPackageReference "firebase-ios-sdk" */;
			productName = FirebaseAnalytics;
		};
		85D648EA2C9DEFFD0068BD2F /* FirebaseAnalyticsOnDeviceConversion */ = {
			isa = XCSwiftPackageProductDependency;
			package = 85D648E72C9DEFFD0068BD2F /* XCRemoteSwiftPackageReference "firebase-ios-sdk" */;
			productName = FirebaseAnalyticsOnDeviceConversion;
		};
		85D648EC2C9DEFFD0068BD2F /* FirebaseAnalyticsWithoutAdIdSupport */ = {
			isa = XCSwiftPackageProductDependency;
			package = 85D648E72C9DEFFD0068BD2F /* XCRemoteSwiftPackageReference "firebase-ios-sdk" */;
			productName = FirebaseAnalyticsWithoutAdIdSupport;
		};
		85D648EE2C9DEFFD0068BD2F /* FirebaseAppCheck */ = {
			isa = XCSwiftPackageProductDependency;
			package = 85D648E72C9DEFFD0068BD2F /* XCRemoteSwiftPackageReference "firebase-ios-sdk" */;
			productName = FirebaseAppCheck;
		};
		85D648F02C9DEFFD0068BD2F /* FirebaseAppDistribution-Beta */ = {
			isa = XCSwiftPackageProductDependency;
			package = 85D648E72C9DEFFD0068BD2F /* XCRemoteSwiftPackageReference "firebase-ios-sdk" */;
			productName = "FirebaseAppDistribution-Beta";
		};
		85D648FA2C9DF2C70068BD2F /* GoogleSignIn */ = {
			isa = XCSwiftPackageProductDependency;
			package = 85D648F92C9DF2C70068BD2F /* XCRemoteSwiftPackageReference "GoogleSignIn-iOS" */;
			productName = GoogleSignIn;
		};
		85D648FC2C9DF2C70068BD2F /* GoogleSignInSwift */ = {
			isa = XCSwiftPackageProductDependency;
			package = 85D648F92C9DF2C70068BD2F /* XCRemoteSwiftPackageReference "GoogleSignIn-iOS" */;
			productName = GoogleSignInSwift;
		};
		85D648FE2C9DF3FD0068BD2F /* FirebaseAnalytics */ = {
			isa = XCSwiftPackageProductDependency;
			package = 85D648E72C9DEFFD0068BD2F /* XCRemoteSwiftPackageReference "firebase-ios-sdk" */;
			productName = FirebaseAnalytics;
		};
		85D649002C9DF3FD0068BD2F /* FirebaseAnalyticsOnDeviceConversion */ = {
			isa = XCSwiftPackageProductDependency;
			package = 85D648E72C9DEFFD0068BD2F /* XCRemoteSwiftPackageReference "firebase-ios-sdk" */;
			productName = FirebaseAnalyticsOnDeviceConversion;
		};
		85D649022C9DF3FD0068BD2F /* FirebaseAnalyticsWithoutAdIdSupport */ = {
			isa = XCSwiftPackageProductDependency;
			package = 85D648E72C9DEFFD0068BD2F /* XCRemoteSwiftPackageReference "firebase-ios-sdk" */;
			productName = FirebaseAnalyticsWithoutAdIdSupport;
		};
		85D649042C9DF3FD0068BD2F /* FirebaseAppCheck */ = {
			isa = XCSwiftPackageProductDependency;
			package = 85D648E72C9DEFFD0068BD2F /* XCRemoteSwiftPackageReference "firebase-ios-sdk" */;
			productName = FirebaseAppCheck;
		};
		85D649062C9DF3FD0068BD2F /* FirebaseAppDistribution-Beta */ = {
			isa = XCSwiftPackageProductDependency;
			package = 85D648E72C9DEFFD0068BD2F /* XCRemoteSwiftPackageReference "firebase-ios-sdk" */;
			productName = "FirebaseAppDistribution-Beta";
		};
		85D649082C9DF3FD0068BD2F /* FirebaseAuth */ = {
			isa = XCSwiftPackageProductDependency;
			package = 85D648E72C9DEFFD0068BD2F /* XCRemoteSwiftPackageReference "firebase-ios-sdk" */;
			productName = FirebaseAuth;
		};
		85D6490A2C9DF3FD0068BD2F /* FirebaseAuthCombine-Community */ = {
			isa = XCSwiftPackageProductDependency;
			package = 85D648E72C9DEFFD0068BD2F /* XCRemoteSwiftPackageReference "firebase-ios-sdk" */;
			productName = "FirebaseAuthCombine-Community";
		};
		85D6490C2C9DF3FD0068BD2F /* FirebaseCrashlytics */ = {
			isa = XCSwiftPackageProductDependency;
			package = 85D648E72C9DEFFD0068BD2F /* XCRemoteSwiftPackageReference "firebase-ios-sdk" */;
			productName = FirebaseCrashlytics;
		};
		85D6490E2C9DF3FD0068BD2F /* FirebaseDatabase */ = {
			isa = XCSwiftPackageProductDependency;
			package = 85D648E72C9DEFFD0068BD2F /* XCRemoteSwiftPackageReference "firebase-ios-sdk" */;
			productName = FirebaseDatabase;
		};
		85D649102C9DF3FD0068BD2F /* FirebaseDynamicLinks */ = {
			isa = XCSwiftPackageProductDependency;
			package = 85D648E72C9DEFFD0068BD2F /* XCRemoteSwiftPackageReference "firebase-ios-sdk" */;
			productName = FirebaseDynamicLinks;
		};
		85D649122C9DF3FD0068BD2F /* FirebaseFirestore */ = {
			isa = XCSwiftPackageProductDependency;
			package = 85D648E72C9DEFFD0068BD2F /* XCRemoteSwiftPackageReference "firebase-ios-sdk" */;
			productName = FirebaseFirestore;
		};
		85D649142C9DF3FD0068BD2F /* FirebaseFirestoreCombine-Community */ = {
			isa = XCSwiftPackageProductDependency;
			package = 85D648E72C9DEFFD0068BD2F /* XCRemoteSwiftPackageReference "firebase-ios-sdk" */;
			productName = "FirebaseFirestoreCombine-Community";
		};
		85D649162C9DF3FD0068BD2F /* FirebaseFunctions */ = {
			isa = XCSwiftPackageProductDependency;
			package = 85D648E72C9DEFFD0068BD2F /* XCRemoteSwiftPackageReference "firebase-ios-sdk" */;
			productName = FirebaseFunctions;
		};
		85D649182C9DF3FD0068BD2F /* FirebaseFunctionsCombine-Community */ = {
			isa = XCSwiftPackageProductDependency;
			package = 85D648E72C9DEFFD0068BD2F /* XCRemoteSwiftPackageReference "firebase-ios-sdk" */;
			productName = "FirebaseFunctionsCombine-Community";
		};
		85D6491A2C9DF3FD0068BD2F /* FirebaseInAppMessaging-Beta */ = {
			isa = XCSwiftPackageProductDependency;
			package = 85D648E72C9DEFFD0068BD2F /* XCRemoteSwiftPackageReference "firebase-ios-sdk" */;
			productName = "FirebaseInAppMessaging-Beta";
		};
		85D6491C2C9DF3FD0068BD2F /* FirebaseInstallations */ = {
			isa = XCSwiftPackageProductDependency;
			package = 85D648E72C9DEFFD0068BD2F /* XCRemoteSwiftPackageReference "firebase-ios-sdk" */;
			productName = FirebaseInstallations;
		};
		85D6491E2C9DF3FD0068BD2F /* FirebaseMLModelDownloader */ = {
			isa = XCSwiftPackageProductDependency;
			package = 85D648E72C9DEFFD0068BD2F /* XCRemoteSwiftPackageReference "firebase-ios-sdk" */;
			productName = FirebaseMLModelDownloader;
		};
		85D649202C9DF3FD0068BD2F /* FirebaseMessaging */ = {
			isa = XCSwiftPackageProductDependency;
			package = 85D648E72C9DEFFD0068BD2F /* XCRemoteSwiftPackageReference "firebase-ios-sdk" */;
			productName = FirebaseMessaging;
		};
		85D649222C9DF3FD0068BD2F /* FirebasePerformance */ = {
			isa = XCSwiftPackageProductDependency;
			package = 85D648E72C9DEFFD0068BD2F /* XCRemoteSwiftPackageReference "firebase-ios-sdk" */;
			productName = FirebasePerformance;
		};
		85D649242C9DF3FD0068BD2F /* FirebaseRemoteConfig */ = {
			isa = XCSwiftPackageProductDependency;
			package = 85D648E72C9DEFFD0068BD2F /* XCRemoteSwiftPackageReference "firebase-ios-sdk" */;
			productName = FirebaseRemoteConfig;
		};
		85D649262C9DF3FD0068BD2F /* FirebaseStorage */ = {
			isa = XCSwiftPackageProductDependency;
			package = 85D648E72C9DEFFD0068BD2F /* XCRemoteSwiftPackageReference "firebase-ios-sdk" */;
			productName = FirebaseStorage;
		};
		85D649282C9DF3FD0068BD2F /* FirebaseStorageCombine-Community */ = {
			isa = XCSwiftPackageProductDependency;
			package = 85D648E72C9DEFFD0068BD2F /* XCRemoteSwiftPackageReference "firebase-ios-sdk" */;
			productName = "FirebaseStorageCombine-Community";
		};
		85D6492A2C9DF3FD0068BD2F /* FirebaseVertexAI-Preview */ = {
			isa = XCSwiftPackageProductDependency;
			package = 85D648E72C9DEFFD0068BD2F /* XCRemoteSwiftPackageReference "firebase-ios-sdk" */;
			productName = "FirebaseVertexAI-Preview";
		};
/* End XCSwiftPackageProductDependency section */
	};
	rootObject = 855703172C9AA99F0086590C /* Project object */;
}
